# This file is automatically @generated by Poetry 1.4.0 and should not be changed by hand.

[[package]]
name = "asgiref"
version = "3.6.0"
description = "ASGI specs, helper code, and adapters"
category = "main"
optional = false
python-versions = ">=3.7"
files = [
    {file = "asgiref-3.6.0-py3-none-any.whl", hash = "sha256:71e68008da809b957b7ee4b43dbccff33d1b23519fb8344e33f049897077afac"},
    {file = "asgiref-3.6.0.tar.gz", hash = "sha256:9567dfe7bd8d3c8c892227827c41cce860b368104c3431da67a0c5a65a949506"},
]

[package.extras]
tests = ["mypy (>=0.800)", "pytest", "pytest-asyncio"]

[[package]]
name = "config"
version = "0.5.1"
description = "A hierarchical, easy-to-use, powerful configuration module for Python"
category = "main"
optional = false
python-versions = "*"
files = [
    {file = "config-0.5.1-py2.py3-none-any.whl", hash = "sha256:79ffa009ff2663cc8ca29e56bcec031c044609d4bafaa4f884132a413101ce84"},
    {file = "config-0.5.1.zip", hash = "sha256:2dd4a03aa383d30711d5a3325a1858de225328d61950a85be5b74c100f63016d"},
]

[[package]]
name = "decouple"
version = "0.0.7"
description = "Decoupling logic"
category = "main"
optional = false
python-versions = ">=3.7"
files = [
    {file = "decouple-0.0.7.tar.gz", hash = "sha256:c253c1cc62b76e9720a066f334552548c6de1884bc3bdf456ddb62d61b867b09"},
]

[[package]]
name = "django"
version = "4.1.7"
description = "A high-level Python web framework that encourages rapid development and clean, pragmatic design."
category = "main"
optional = false
python-versions = ">=3.8"
files = [
    {file = "Django-4.1.7-py3-none-any.whl", hash = "sha256:f2f431e75adc40039ace496ad3b9f17227022e8b11566f4b363da44c7e44761e"},
    {file = "Django-4.1.7.tar.gz", hash = "sha256:44f714b81c5f190d9d2ddad01a532fe502fa01c4cb8faf1d081f4264ed15dcd8"},
]

[package.dependencies]
asgiref = ">=3.5.2,<4"
sqlparse = ">=0.2.2"
tzdata = {version = "*", markers = "sys_platform == \"win32\""}

[package.extras]
argon2 = ["argon2-cffi (>=19.1.0)"]
bcrypt = ["bcrypt"]

[[package]]
name = "dotenv"
version = "0.0.5"
description = "Handle .env files"
category = "main"
optional = false
python-versions = "*"
files = [
    {file = "dotenv-0.0.5.tar.gz", hash = "sha256:b58d2ab3f83dbd4f8a362b21158a606bee87317a9444485566b3c8f0af847091"},
]

[[package]]
name = "sqlparse"
version = "0.4.3"
description = "A non-validating SQL parser."
category = "main"
optional = false
python-versions = ">=3.5"
files = [
    {file = "sqlparse-0.4.3-py3-none-any.whl", hash = "sha256:0323c0ec29cd52bceabc1b4d9d579e311f3e4961b98d174201d5622a23b85e34"},
    {file = "sqlparse-0.4.3.tar.gz", hash = "sha256:69ca804846bb114d2ec380e4360a8a340db83f0ccf3afceeb1404df028f57268"},
]

[[package]]
name = "tzdata"
version = "2022.7"
description = "Provider of IANA time zone data"
category = "main"
optional = false
python-versions = ">=2"
files = [
    {file = "tzdata-2022.7-py2.py3-none-any.whl", hash = "sha256:2b88858b0e3120792a3c0635c23daf36a7d7eeeca657c323da299d2094402a0d"},
    {file = "tzdata-2022.7.tar.gz", hash = "sha256:fe5f866eddd8b96e9fcba978f8e503c909b19ea7efda11e52e39494bad3a7bfa"},
]

[metadata]
lock-version = "2.0"
python-versions = "^3.11"
content-hash = "ad4ce89fde3bc2f0a659dc78efaf3cd2910b0775e7fca463b40229d3c89da7ff"
